
Microsoft Visual Studio Solution File, Format Version 12.00
# Visual Studio Version 16
VisualStudioVersion = 16.0.29025.244
MinimumVisualStudioVersion = 10.0.40219.1
Project("{FAE04EC0-301F-11D3-BF4B-00C04F79EFBC}") = "Midnight.Core", "src\Midnight.Core\Midnight.Core.csproj", "{B7EEF396-4F10-4394-9813-AB1FC3C5DB76}"
EndProject
Project("{FAE04EC0-301F-11D3-BF4B-00C04F79EFBC}") = "Midnight.Core.Abstractions", "src\Midnight.Core.Abstractions\Midnight.Core.Abstractions.csproj", "{785160A1-53CA-4355-8247-D7A8F546EC22}"
EndProject
Global
	GlobalSection(SolutionConfigurationPlatforms) = preSolution
		Debug|Any CPU = Debug|Any CPU
		Release|Any CPU = Release|Any CPU
	EndGlobalSection
	GlobalSection(ProjectConfigurationPlatforms) = postSolution
		{B7EEF396-4F10-4394-9813-AB1FC3C5DB76}.Debug|Any CPU.ActiveCfg = Debug|Any CPU
		{B7EEF396-4F10-4394-9813-AB1FC3C5DB76}.Debug|Any CPU.Build.0 = Debug|Any CPU
		{B7EEF396-4F10-4394-9813-AB1FC3C5DB76}.Release|Any CPU.ActiveCfg = Release|Any CPU
		{B7EEF396-4F10-4394-9813-AB1FC3C5DB76}.Release|Any CPU.Build.0 = Release|Any CPU
		{785160A1-53CA-4355-8247-D7A8F546EC22}.Debug|Any CPU.ActiveCfg = Debug|Any CPU
		{785160A1-53CA-4355-8247-D7A8F546EC22}.Debug|Any CPU.Build.0 = Debug|Any CPU
		{785160A1-53CA-4355-8247-D7A8F546EC22}.Release|Any CPU.ActiveCfg = Release|Any CPU
		{785160A1-53CA-4355-8247-D7A8F546EC22}.Release|Any CPU.Build.0 = Release|Any CPU
	EndGlobalSection
	GlobalSection(SolutionProperties) = preSolution
		HideSolutionNode = FALSE
	EndGlobalSection
	GlobalSection(ExtensibilityGlobals) = postSolution
		SolutionGuid = {06C7870C-4359-41C7-9D17-F4F17810FC23}
	EndGlobalSection
EndGlobal
