
Microsoft Visual Studio Solution File, Format Version 12.00
# Visual Studio Version 16
VisualStudioVersion = 16.0.29025.244
MinimumVisualStudioVersion = 10.0.40219.1
Project("{FAE04EC0-301F-11D3-BF4B-00C04F79EFBC}") = "Midnight.Core", "src\Midnight.Core\Midnight.Core.csproj", "{B7EEF396-4F10-4394-9813-AB1FC3C5DB76}"
EndProject
Project("{FAE04EC0-301F-11D3-BF4B-00C04F79EFBC}") = "Midnight.Core.Abstractions", "src\Midnight.Core.Abstractions\Midnight.Core.Abstractions.csproj", "{785160A1-53CA-4355-8247-D7A8F546EC22}"
EndProject
Project("{FAE04EC0-301F-11D3-BF4B-00C04F79EFBC}") = "Midnight.Client", "src\Midnight.Client\Midnight.Client.csproj", "{6EDB3189-DD8F-4AF5-B015-2254C02B5879}"
EndProject
Project("{FAE04EC0-301F-11D3-BF4B-00C04F79EFBC}") = "Midnight.Standalone", "src\Midnight.Standalone\Midnight.Standalone.csproj", "{2C19BCA7-C89B-4784-867C-FB9106D06A2B}"
EndProject
Project("{2150E333-8FDC-42A3-9474-1A3956D46DE8}") = "Solution Items", "Solution Items", "{D31A7457-F1EC-46E0-B49B-63B2EB84BF34}"
	ProjectSection(SolutionItems) = preProject
		azure-pipelines.yml = azure-pipelines.yml
	EndProjectSection
EndProject
Project("{FAE04EC0-301F-11D3-BF4B-00C04F79EFBC}") = "Midnight.Hosting.Generic", "src\Midnight.Hosting.Generic\Midnight.Hosting.Generic.csproj", "{299CC256-FD6A-4521-BA1B-3E9427A08BFF}"
EndProject
Project("{FAE04EC0-301F-11D3-BF4B-00C04F79EFBC}") = "Midnight.Hosting.AspNetCore", "src\Midnight.Hosting.AspNetCore\Midnight.Hosting.AspNetCore.csproj", "{86CC4F97-6E73-412C-9074-ADB7A39EB588}"
EndProject
Project("{FAE04EC0-301F-11D3-BF4B-00C04F79EFBC}") = "Midnight", "src\Midnight\Midnight.csproj", "{E8D6F9D0-544D-4551-8736-005E757F40AC}"
EndProject
Project("{2150E333-8FDC-42A3-9474-1A3956D46DE8}") = "Test", "Test", "{0467524A-195D-414C-A4EE-9259DF22126A}"
EndProject
Project("{FAE04EC0-301F-11D3-BF4B-00C04F79EFBC}") = "Midnight.Testing.WebApp", "test\Midnight.Testing.WebApp\Midnight.Testing.WebApp.csproj", "{6B7BB9E5-C761-41CB-9FA5-231E6C2B8F9B}"
EndProject
Global
	GlobalSection(SolutionConfigurationPlatforms) = preSolution
		Debug|Any CPU = Debug|Any CPU
		Release|Any CPU = Release|Any CPU
	EndGlobalSection
	GlobalSection(ProjectConfigurationPlatforms) = postSolution
		{B7EEF396-4F10-4394-9813-AB1FC3C5DB76}.Debug|Any CPU.ActiveCfg = Debug|Any CPU
		{B7EEF396-4F10-4394-9813-AB1FC3C5DB76}.Debug|Any CPU.Build.0 = Debug|Any CPU
		{B7EEF396-4F10-4394-9813-AB1FC3C5DB76}.Release|Any CPU.ActiveCfg = Release|Any CPU
		{B7EEF396-4F10-4394-9813-AB1FC3C5DB76}.Release|Any CPU.Build.0 = Release|Any CPU
		{785160A1-53CA-4355-8247-D7A8F546EC22}.Debug|Any CPU.ActiveCfg = Debug|Any CPU
		{785160A1-53CA-4355-8247-D7A8F546EC22}.Debug|Any CPU.Build.0 = Debug|Any CPU
		{785160A1-53CA-4355-8247-D7A8F546EC22}.Release|Any CPU.ActiveCfg = Release|Any CPU
		{785160A1-53CA-4355-8247-D7A8F546EC22}.Release|Any CPU.Build.0 = Release|Any CPU
		{6EDB3189-DD8F-4AF5-B015-2254C02B5879}.Debug|Any CPU.ActiveCfg = Debug|Any CPU
		{6EDB3189-DD8F-4AF5-B015-2254C02B5879}.Debug|Any CPU.Build.0 = Debug|Any CPU
		{6EDB3189-DD8F-4AF5-B015-2254C02B5879}.Release|Any CPU.ActiveCfg = Release|Any CPU
		{6EDB3189-DD8F-4AF5-B015-2254C02B5879}.Release|Any CPU.Build.0 = Release|Any CPU
		{2C19BCA7-C89B-4784-867C-FB9106D06A2B}.Debug|Any CPU.ActiveCfg = Debug|Any CPU
		{2C19BCA7-C89B-4784-867C-FB9106D06A2B}.Debug|Any CPU.Build.0 = Debug|Any CPU
		{2C19BCA7-C89B-4784-867C-FB9106D06A2B}.Release|Any CPU.ActiveCfg = Release|Any CPU
		{2C19BCA7-C89B-4784-867C-FB9106D06A2B}.Release|Any CPU.Build.0 = Release|Any CPU
		{299CC256-FD6A-4521-BA1B-3E9427A08BFF}.Debug|Any CPU.ActiveCfg = Debug|Any CPU
		{299CC256-FD6A-4521-BA1B-3E9427A08BFF}.Debug|Any CPU.Build.0 = Debug|Any CPU
		{299CC256-FD6A-4521-BA1B-3E9427A08BFF}.Release|Any CPU.ActiveCfg = Release|Any CPU
		{299CC256-FD6A-4521-BA1B-3E9427A08BFF}.Release|Any CPU.Build.0 = Release|Any CPU
		{86CC4F97-6E73-412C-9074-ADB7A39EB588}.Debug|Any CPU.ActiveCfg = Debug|Any CPU
		{86CC4F97-6E73-412C-9074-ADB7A39EB588}.Debug|Any CPU.Build.0 = Debug|Any CPU
		{86CC4F97-6E73-412C-9074-ADB7A39EB588}.Release|Any CPU.ActiveCfg = Release|Any CPU
		{86CC4F97-6E73-412C-9074-ADB7A39EB588}.Release|Any CPU.Build.0 = Release|Any CPU
		{E8D6F9D0-544D-4551-8736-005E757F40AC}.Debug|Any CPU.ActiveCfg = Debug|Any CPU
		{E8D6F9D0-544D-4551-8736-005E757F40AC}.Debug|Any CPU.Build.0 = Debug|Any CPU
		{E8D6F9D0-544D-4551-8736-005E757F40AC}.Release|Any CPU.ActiveCfg = Release|Any CPU
		{E8D6F9D0-544D-4551-8736-005E757F40AC}.Release|Any CPU.Build.0 = Release|Any CPU
		{6B7BB9E5-C761-41CB-9FA5-231E6C2B8F9B}.Debug|Any CPU.ActiveCfg = Debug|Any CPU
		{6B7BB9E5-C761-41CB-9FA5-231E6C2B8F9B}.Debug|Any CPU.Build.0 = Debug|Any CPU
		{6B7BB9E5-C761-41CB-9FA5-231E6C2B8F9B}.Release|Any CPU.ActiveCfg = Release|Any CPU
		{6B7BB9E5-C761-41CB-9FA5-231E6C2B8F9B}.Release|Any CPU.Build.0 = Release|Any CPU
	EndGlobalSection
	GlobalSection(SolutionProperties) = preSolution
		HideSolutionNode = FALSE
	EndGlobalSection
	GlobalSection(NestedProjects) = preSolution
		{6B7BB9E5-C761-41CB-9FA5-231E6C2B8F9B} = {0467524A-195D-414C-A4EE-9259DF22126A}
	EndGlobalSection
	GlobalSection(ExtensibilityGlobals) = postSolution
		SolutionGuid = {06C7870C-4359-41C7-9D17-F4F17810FC23}
	EndGlobalSection
EndGlobal
